
Microsoft Visual Studio Solution File, Format Version 12.00
# Visual Studio 15
VisualStudioVersion = 15.0.28307.779
MinimumVisualStudioVersion = 10.0.40219.1
Project("{FAE04EC0-301F-11D3-BF4B-00C04F79EFBC}") = "TDMTAutomation", "TDMTAutomation\TDMTAutomation.csproj", "{33253609-0915-4162-85F1-BD59EF457C97}"
EndProject
Global
	GlobalSection(SolutionConfigurationPlatforms) = preSolution
		Debug|Any CPU = Debug|Any CPU
		Release|Any CPU = Release|Any CPU
	EndGlobalSection
	GlobalSection(ProjectConfigurationPlatforms) = postSolution
		{33253609-0915-4162-85F1-BD59EF457C97}.Debug|Any CPU.ActiveCfg = Debug|Any CPU
		{33253609-0915-4162-85F1-BD59EF457C97}.Debug|Any CPU.Build.0 = Debug|Any CPU
		{33253609-0915-4162-85F1-BD59EF457C97}.Release|Any CPU.ActiveCfg = Release|Any CPU
		{33253609-0915-4162-85F1-BD59EF457C97}.Release|Any CPU.Build.0 = Release|Any CPU
	EndGlobalSection
	GlobalSection(SolutionProperties) = preSolution
		HideSolutionNode = FALSE
	EndGlobalSection
	GlobalSection(ExtensibilityGlobals) = postSolution
		SolutionGuid = {6E732AAA-E5DB-42B3-9577-6DB7935548E7}
	EndGlobalSection
EndGlobal
